
Microsoft Visual Studio Solution File, Format Version 12.00
# Visual Studio Version 16
VisualStudioVersion = 16.0.31112.23
MinimumVisualStudioVersion = 10.0.40219.1
Project("{9A19103F-16F7-4668-BE54-9A1E7A4F7556}") = "AdapterPattern", "AdapterPattern\AdapterPattern.csproj", "{10593BD4-64F6-42D8-A198-B48EFC2A1E51}"
EndProject
Project("{FAE04EC0-301F-11D3-BF4B-00C04F79EFBC}") = "Testing", "Testing\Testing.csproj", "{FA71A489-CA02-4F8B-8B78-9F8B89D25691}"
EndProject
Global
	GlobalSection(SolutionConfigurationPlatforms) = preSolution
		Debug|Any CPU = Debug|Any CPU
		Release|Any CPU = Release|Any CPU
	EndGlobalSection
	GlobalSection(ProjectConfigurationPlatforms) = postSolution
		{10593BD4-64F6-42D8-A198-B48EFC2A1E51}.Debug|Any CPU.ActiveCfg = Debug|Any CPU
		{10593BD4-64F6-42D8-A198-B48EFC2A1E51}.Debug|Any CPU.Build.0 = Debug|Any CPU
		{10593BD4-64F6-42D8-A198-B48EFC2A1E51}.Release|Any CPU.ActiveCfg = Release|Any CPU
		{10593BD4-64F6-42D8-A198-B48EFC2A1E51}.Release|Any CPU.Build.0 = Release|Any CPU
		{FA71A489-CA02-4F8B-8B78-9F8B89D25691}.Debug|Any CPU.ActiveCfg = Debug|Any CPU
		{FA71A489-CA02-4F8B-8B78-9F8B89D25691}.Debug|Any CPU.Build.0 = Debug|Any CPU
		{FA71A489-CA02-4F8B-8B78-9F8B89D25691}.Release|Any CPU.ActiveCfg = Release|Any CPU
		{FA71A489-CA02-4F8B-8B78-9F8B89D25691}.Release|Any CPU.Build.0 = Release|Any CPU
	EndGlobalSection
	GlobalSection(SolutionProperties) = preSolution
		HideSolutionNode = FALSE
	EndGlobalSection
	GlobalSection(ExtensibilityGlobals) = postSolution
		SolutionGuid = {4BFCF7A3-5A6B-4692-80EC-DC7832D1A5FD}
	EndGlobalSection
EndGlobal
